
Microsoft Visual Studio Solution File, Format Version 12.00
# Visual Studio Version 16
VisualStudioVersion = 16.0.29424.173
MinimumVisualStudioVersion = 10.0.40219.1
Project("{FAE04EC0-301F-11D3-BF4B-00C04F79EFBC}") = "MyBlog.Core", "MyBlog.Core\MyBlog.Core.csproj", "{5F3FA1BC-F254-486B-865B-D11F74D3F0AA}"
EndProject
Project("{FAE04EC0-301F-11D3-BF4B-00C04F79EFBC}") = "MyBlog.Business", "MyBlog.Business\MyBlog.Business.csproj", "{3237A230-346C-49E4-8617-77DDCC104B47}"
EndProject
Project("{FAE04EC0-301F-11D3-BF4B-00C04F79EFBC}") = "MyBlog.DataAccess", "MyBlog.DataAccess\MyBlog.DataAccess.csproj", "{D4CC9D85-AF3B-4CB2-94C1-8E486FCAF87E}"
EndProject
Project("{FAE04EC0-301F-11D3-BF4B-00C04F79EFBC}") = "MyBlog.Entities", "MyBlog.Entities\MyBlog.Entities.csproj", "{913FE4E3-3A12-4B10-8A5E-FCA7F4255DF2}"
EndProject
Project("{FAE04EC0-301F-11D3-BF4B-00C04F79EFBC}") = "MyBlog.WebUI", "MyBlog.WebUI\MyBlog.WebUI.csproj", "{A071FC11-141D-4404-B799-96830843F11F}"
EndProject
Global
	GlobalSection(SolutionConfigurationPlatforms) = preSolution
		Debug|Any CPU = Debug|Any CPU
		Release|Any CPU = Release|Any CPU
	EndGlobalSection
	GlobalSection(ProjectConfigurationPlatforms) = postSolution
		{5F3FA1BC-F254-486B-865B-D11F74D3F0AA}.Debug|Any CPU.ActiveCfg = Debug|Any CPU
		{5F3FA1BC-F254-486B-865B-D11F74D3F0AA}.Debug|Any CPU.Build.0 = Debug|Any CPU
		{5F3FA1BC-F254-486B-865B-D11F74D3F0AA}.Release|Any CPU.ActiveCfg = Release|Any CPU
		{5F3FA1BC-F254-486B-865B-D11F74D3F0AA}.Release|Any CPU.Build.0 = Release|Any CPU
		{3237A230-346C-49E4-8617-77DDCC104B47}.Debug|Any CPU.ActiveCfg = Debug|Any CPU
		{3237A230-346C-49E4-8617-77DDCC104B47}.Debug|Any CPU.Build.0 = Debug|Any CPU
		{3237A230-346C-49E4-8617-77DDCC104B47}.Release|Any CPU.ActiveCfg = Release|Any CPU
		{3237A230-346C-49E4-8617-77DDCC104B47}.Release|Any CPU.Build.0 = Release|Any CPU
		{D4CC9D85-AF3B-4CB2-94C1-8E486FCAF87E}.Debug|Any CPU.ActiveCfg = Debug|Any CPU
		{D4CC9D85-AF3B-4CB2-94C1-8E486FCAF87E}.Debug|Any CPU.Build.0 = Debug|Any CPU
		{D4CC9D85-AF3B-4CB2-94C1-8E486FCAF87E}.Release|Any CPU.ActiveCfg = Release|Any CPU
		{D4CC9D85-AF3B-4CB2-94C1-8E486FCAF87E}.Release|Any CPU.Build.0 = Release|Any CPU
		{913FE4E3-3A12-4B10-8A5E-FCA7F4255DF2}.Debug|Any CPU.ActiveCfg = Debug|Any CPU
		{913FE4E3-3A12-4B10-8A5E-FCA7F4255DF2}.Debug|Any CPU.Build.0 = Debug|Any CPU
		{913FE4E3-3A12-4B10-8A5E-FCA7F4255DF2}.Release|Any CPU.ActiveCfg = Release|Any CPU
		{913FE4E3-3A12-4B10-8A5E-FCA7F4255DF2}.Release|Any CPU.Build.0 = Release|Any CPU
		{A071FC11-141D-4404-B799-96830843F11F}.Debug|Any CPU.ActiveCfg = Debug|Any CPU
		{A071FC11-141D-4404-B799-96830843F11F}.Debug|Any CPU.Build.0 = Debug|Any CPU
		{A071FC11-141D-4404-B799-96830843F11F}.Release|Any CPU.ActiveCfg = Release|Any CPU
		{A071FC11-141D-4404-B799-96830843F11F}.Release|Any CPU.Build.0 = Release|Any CPU
	EndGlobalSection
	GlobalSection(SolutionProperties) = preSolution
		HideSolutionNode = FALSE
	EndGlobalSection
	GlobalSection(ExtensibilityGlobals) = postSolution
		SolutionGuid = {955B7973-E091-4494-BCE8-1062371BDDD9}
	EndGlobalSection
EndGlobal
